
Microsoft Visual Studio Solution File, Format Version 12.00
# Visual Studio Version 16
VisualStudioVersion = 16.0.33423.256
MinimumVisualStudioVersion = 10.0.40219.1
Project("{FAE04EC0-301F-11D3-BF4B-00C04F79EFBC}") = "BedAndBreakfast", "BedAndBreakfast.csproj", "{A70389EA-1CA5-4D9B-B89B-4335E93619BF}"
EndProject
Global
	GlobalSection(SolutionConfigurationPlatforms) = preSolution
		Debug|Any CPU = Debug|Any CPU
		Release|Any CPU = Release|Any CPU
	EndGlobalSection
	GlobalSection(ProjectConfigurationPlatforms) = postSolution
		{A70389EA-1CA5-4D9B-B89B-4335E93619BF}.Debug|Any CPU.ActiveCfg = Debug|Any CPU
		{A70389EA-1CA5-4D9B-B89B-4335E93619BF}.Debug|Any CPU.Build.0 = Debug|Any CPU
		{A70389EA-1CA5-4D9B-B89B-4335E93619BF}.Release|Any CPU.ActiveCfg = Release|Any CPU
		{A70389EA-1CA5-4D9B-B89B-4335E93619BF}.Release|Any CPU.Build.0 = Release|Any CPU
	EndGlobalSection
	GlobalSection(SolutionProperties) = preSolution
		HideSolutionNode = FALSE
	EndGlobalSection
	GlobalSection(ExtensibilityGlobals) = postSolution
		SolutionGuid = {79F0D975-9CA4-4376-B990-994CA71D3655}
	EndGlobalSection
EndGlobal
